PODS:
  - apple_maps_flutter (0.0.1):
    - Flutter
  - Flutter (1.0.0)

DEPENDENCIES:
  - apple_maps_flutter (from `.symlinks/plugins/apple_maps_flutter/ios`)
  - Flutter (from `Flutter`)

EXTERNAL SOURCES:
  apple_maps_flutter:
    :path: ".symlinks/plugins/apple_maps_flutter/ios"
  Flutter:
    :path: Flutter

SPEC CHECKSUMS:
  apple_maps_flutter: 45925bdf704b86f713fcf6979ee1999d17b2a6e0
  Flutter: 0e3d915762c693b495b44d77113d4970485de6ec

PODFILE CHECKSUM: aafe91acc616949ddb318b77800a7f51bffa2a4c

COCOAPODS: 1.8.3
